
Microsoft Visual Studio Solution File, Format Version 12.00
# Visual Studio Version 16
VisualStudioVersion = 16.0.31229.75
MinimumVisualStudioVersion = 10.0.40219.1
Project("{FAE04EC0-301F-11D3-BF4B-00C04F79EFBC}") = "TaskManager", "TaskManager\TaskManager.csproj", "{25B47173-D11E-469F-9614-86B7871BFE42}"
EndProject
Global
	GlobalSection(SolutionConfigurationPlatforms) = preSolution
		Debug|Any CPU = Debug|Any CPU
		Release|Any CPU = Release|Any CPU
	EndGlobalSection
	GlobalSection(ProjectConfigurationPlatforms) = postSolution
		{25B47173-D11E-469F-9614-86B7871BFE42}.Debug|Any CPU.ActiveCfg = Debug|Any CPU
		{25B47173-D11E-469F-9614-86B7871BFE42}.Debug|Any CPU.Build.0 = Debug|Any CPU
		{25B47173-D11E-469F-9614-86B7871BFE42}.Release|Any CPU.ActiveCfg = Release|Any CPU
		{25B47173-D11E-469F-9614-86B7871BFE42}.Release|Any CPU.Build.0 = Release|Any CPU
	EndGlobalSection
	GlobalSection(SolutionProperties) = preSolution
		HideSolutionNode = FALSE
	EndGlobalSection
	GlobalSection(ExtensibilityGlobals) = postSolution
		SolutionGuid = {0E4AC419-DC76-4F60-9C64-EBEB92837FF2}
	EndGlobalSection
EndGlobal
